
Microsoft Visual Studio Solution File, Format Version 12.00
# Visual Studio 2012
Project("{FAE04EC0-301F-11D3-BF4B-00C04F79EFBC}") = "SDTPresentation", "SDTView\SDTPresentation.csproj", "{3D00837A-139A-406C-9F0B-60EB82912ABE}"
EndProject
Project("{FAE04EC0-301F-11D3-BF4B-00C04F79EFBC}") = "SDTDomainModel", "SDTDomainModel\SDTDomainModel.csproj", "{225F5055-3E3B-4D04-837B-9C3CCA89A32F}"
EndProject
Project("{FAE04EC0-301F-11D3-BF4B-00C04F79EFBC}") = "SDTDataAccess", "SDTDataAccess\SDTDataAccess.csproj", "{81D0F875-A547-4A2A-8A25-A8DDF5405812}"
EndProject
Project("{FAE04EC0-301F-11D3-BF4B-00C04F79EFBC}") = "SDTBusiness", "SDTBusiness\SDTBusiness.csproj", "{A7D4A3E8-4B56-4A3F-9C5F-8278CF9182CF}"
EndProject
Project("{2150E333-8FDC-42A3-9474-1A3956D46DE8}") = "SDTFramework", "SDTFramework", "{CE7525EA-14D0-446C-8854-2CFA223D79CA}"
EndProject
Project("{FAE04EC0-301F-11D3-BF4B-00C04F79EFBC}") = "SDTFramework.Utils", "..\SDTFramework\SDTFramework.Utils\SDTFramework.Utils.csproj", "{D0C27B7F-297D-4C37-8412-DFBA8485C648}"
EndProject
Project("{6141683F-8A12-4E36-9623-2EB02B2C2303}") = "SDTSetup", "SDTSetup\SDTSetup.isproj", "{58E594DF-8E75-4FE2-BDAE-B7066E744F50}"
	ProjectSection(ProjectDependencies) = postProject
		{3D00837A-139A-406C-9F0B-60EB82912ABE} = {3D00837A-139A-406C-9F0B-60EB82912ABE}
	EndProjectSection
EndProject
Global
	GlobalSection(SolutionConfigurationPlatforms) = preSolution
		CD_ROM|Any CPU = CD_ROM|Any CPU
		Debug|Any CPU = Debug|Any CPU
		DVD-5|Any CPU = DVD-5|Any CPU
		Release|Any CPU = Release|Any CPU
		SingleImage|Any CPU = SingleImage|Any CPU
	EndGlobalSection
	GlobalSection(ProjectConfigurationPlatforms) = postSolution
		{3D00837A-139A-406C-9F0B-60EB82912ABE}.CD_ROM|Any CPU.ActiveCfg = Release|Any CPU
		{3D00837A-139A-406C-9F0B-60EB82912ABE}.CD_ROM|Any CPU.Build.0 = Release|Any CPU
		{3D00837A-139A-406C-9F0B-60EB82912ABE}.Debug|Any CPU.ActiveCfg = Debug|Any CPU
		{3D00837A-139A-406C-9F0B-60EB82912ABE}.Debug|Any CPU.Build.0 = Debug|Any CPU
		{3D00837A-139A-406C-9F0B-60EB82912ABE}.DVD-5|Any CPU.ActiveCfg = Debug|Any CPU
		{3D00837A-139A-406C-9F0B-60EB82912ABE}.DVD-5|Any CPU.Build.0 = Debug|Any CPU
		{3D00837A-139A-406C-9F0B-60EB82912ABE}.Release|Any CPU.ActiveCfg = Release|Any CPU
		{3D00837A-139A-406C-9F0B-60EB82912ABE}.Release|Any CPU.Build.0 = Release|Any CPU
		{3D00837A-139A-406C-9F0B-60EB82912ABE}.SingleImage|Any CPU.ActiveCfg = Release|Any CPU
		{3D00837A-139A-406C-9F0B-60EB82912ABE}.SingleImage|Any CPU.Build.0 = Release|Any CPU
		{225F5055-3E3B-4D04-837B-9C3CCA89A32F}.CD_ROM|Any CPU.ActiveCfg = Release|Any CPU
		{225F5055-3E3B-4D04-837B-9C3CCA89A32F}.CD_ROM|Any CPU.Build.0 = Release|Any CPU
		{225F5055-3E3B-4D04-837B-9C3CCA89A32F}.Debug|Any CPU.ActiveCfg = Debug|Any CPU
		{225F5055-3E3B-4D04-837B-9C3CCA89A32F}.Debug|Any CPU.Build.0 = Debug|Any CPU
		{225F5055-3E3B-4D04-837B-9C3CCA89A32F}.DVD-5|Any CPU.ActiveCfg = Debug|Any CPU
		{225F5055-3E3B-4D04-837B-9C3CCA89A32F}.DVD-5|Any CPU.Build.0 = Debug|Any CPU
		{225F5055-3E3B-4D04-837B-9C3CCA89A32F}.Release|Any CPU.ActiveCfg = Release|Any CPU
		{225F5055-3E3B-4D04-837B-9C3CCA89A32F}.Release|Any CPU.Build.0 = Release|Any CPU
		{225F5055-3E3B-4D04-837B-9C3CCA89A32F}.SingleImage|Any CPU.ActiveCfg = Release|Any CPU
		{225F5055-3E3B-4D04-837B-9C3CCA89A32F}.SingleImage|Any CPU.Build.0 = Release|Any CPU
		{81D0F875-A547-4A2A-8A25-A8DDF5405812}.CD_ROM|Any CPU.ActiveCfg = Release|Any CPU
		{81D0F875-A547-4A2A-8A25-A8DDF5405812}.CD_ROM|Any CPU.Build.0 = Release|Any CPU
		{81D0F875-A547-4A2A-8A25-A8DDF5405812}.Debug|Any CPU.ActiveCfg = Debug|Any CPU
		{81D0F875-A547-4A2A-8A25-A8DDF5405812}.Debug|Any CPU.Build.0 = Debug|Any CPU
		{81D0F875-A547-4A2A-8A25-A8DDF5405812}.DVD-5|Any CPU.ActiveCfg = Debug|Any CPU
		{81D0F875-A547-4A2A-8A25-A8DDF5405812}.DVD-5|Any CPU.Build.0 = Debug|Any CPU
		{81D0F875-A547-4A2A-8A25-A8DDF5405812}.Release|Any CPU.ActiveCfg = Release|Any CPU
		{81D0F875-A547-4A2A-8A25-A8DDF5405812}.Release|Any CPU.Build.0 = Release|Any CPU
		{81D0F875-A547-4A2A-8A25-A8DDF5405812}.SingleImage|Any CPU.ActiveCfg = Release|Any CPU
		{81D0F875-A547-4A2A-8A25-A8DDF5405812}.SingleImage|Any CPU.Build.0 = Release|Any CPU
		{A7D4A3E8-4B56-4A3F-9C5F-8278CF9182CF}.CD_ROM|Any CPU.ActiveCfg = Release|Any CPU
		{A7D4A3E8-4B56-4A3F-9C5F-8278CF9182CF}.CD_ROM|Any CPU.Build.0 = Release|Any CPU
		{A7D4A3E8-4B56-4A3F-9C5F-8278CF9182CF}.Debug|Any CPU.ActiveCfg = Debug|Any CPU
		{A7D4A3E8-4B56-4A3F-9C5F-8278CF9182CF}.Debug|Any CPU.Build.0 = Debug|Any CPU
		{A7D4A3E8-4B56-4A3F-9C5F-8278CF9182CF}.DVD-5|Any CPU.ActiveCfg = Debug|Any CPU
		{A7D4A3E8-4B56-4A3F-9C5F-8278CF9182CF}.DVD-5|Any CPU.Build.0 = Debug|Any CPU
		{A7D4A3E8-4B56-4A3F-9C5F-8278CF9182CF}.Release|Any CPU.ActiveCfg = Release|Any CPU
		{A7D4A3E8-4B56-4A3F-9C5F-8278CF9182CF}.Release|Any CPU.Build.0 = Release|Any CPU
		{A7D4A3E8-4B56-4A3F-9C5F-8278CF9182CF}.SingleImage|Any CPU.ActiveCfg = Release|Any CPU
		{A7D4A3E8-4B56-4A3F-9C5F-8278CF9182CF}.SingleImage|Any CPU.Build.0 = Release|Any CPU
		{D0C27B7F-297D-4C37-8412-DFBA8485C648}.CD_ROM|Any CPU.ActiveCfg = Release|Any CPU
		{D0C27B7F-297D-4C37-8412-DFBA8485C648}.CD_ROM|Any CPU.Build.0 = Release|Any CPU
		{D0C27B7F-297D-4C37-8412-DFBA8485C648}.Debug|Any CPU.ActiveCfg = Debug|Any CPU
		{D0C27B7F-297D-4C37-8412-DFBA8485C648}.Debug|Any CPU.Build.0 = Debug|Any CPU
		{D0C27B7F-297D-4C37-8412-DFBA8485C648}.DVD-5|Any CPU.ActiveCfg = Debug|Any CPU
		{D0C27B7F-297D-4C37-8412-DFBA8485C648}.DVD-5|Any CPU.Build.0 = Debug|Any CPU
		{D0C27B7F-297D-4C37-8412-DFBA8485C648}.Release|Any CPU.ActiveCfg = Release|Any CPU
		{D0C27B7F-297D-4C37-8412-DFBA8485C648}.Release|Any CPU.Build.0 = Release|Any CPU
		{D0C27B7F-297D-4C37-8412-DFBA8485C648}.SingleImage|Any CPU.ActiveCfg = Release|Any CPU
		{D0C27B7F-297D-4C37-8412-DFBA8485C648}.SingleImage|Any CPU.Build.0 = Release|Any CPU
		{58E594DF-8E75-4FE2-BDAE-B7066E744F50}.CD_ROM|Any CPU.ActiveCfg = CD_ROM
		{58E594DF-8E75-4FE2-BDAE-B7066E744F50}.CD_ROM|Any CPU.Build.0 = CD_ROM
		{58E594DF-8E75-4FE2-BDAE-B7066E744F50}.Debug|Any CPU.ActiveCfg = DVD-5
		{58E594DF-8E75-4FE2-BDAE-B7066E744F50}.Debug|Any CPU.Build.0 = DVD-5
		{58E594DF-8E75-4FE2-BDAE-B7066E744F50}.DVD-5|Any CPU.ActiveCfg = DVD-5
		{58E594DF-8E75-4FE2-BDAE-B7066E744F50}.DVD-5|Any CPU.Build.0 = DVD-5
		{58E594DF-8E75-4FE2-BDAE-B7066E744F50}.Release|Any CPU.ActiveCfg = SingleImage
		{58E594DF-8E75-4FE2-BDAE-B7066E744F50}.Release|Any CPU.Build.0 = SingleImage
		{58E594DF-8E75-4FE2-BDAE-B7066E744F50}.SingleImage|Any CPU.ActiveCfg = SingleImage
		{58E594DF-8E75-4FE2-BDAE-B7066E744F50}.SingleImage|Any CPU.Build.0 = SingleImage
	EndGlobalSection
	GlobalSection(SolutionProperties) = preSolution
		HideSolutionNode = FALSE
	EndGlobalSection
	GlobalSection(NestedProjects) = preSolution
		{D0C27B7F-297D-4C37-8412-DFBA8485C648} = {CE7525EA-14D0-446C-8854-2CFA223D79CA}
	EndGlobalSection
EndGlobal
